<?xml version="1.0" encoding="utf-8"?>
<Project ToolsVersion="4.0" xmlns="http://schemas.microsoft.com/developer/msbuild/2003">
  <ItemGroup>
    <Filter Include="Source Files">
      <UniqueIdentifier>{4FC737F1-C7A5-4376-A066-2A32D752A2FF}</UniqueIdentifier>
      <Extensions>cpp;c;cc;cxx;def;odl;idl;hpj;bat;asm;asmx</Extensions>
    </Filter>
    <Filter Include="Header Files">
      <UniqueIdentifier>{93995380-89BD-4b04-88EB-625FBE52EBFB}</UniqueIdentifier>
      <Extensions>h;hh;hpp;hxx;hm;inl;inc;xsd</Extensions>
    </Filter>
    <Filter Include="Resource Files">
      <UniqueIdentifier>{67DA6AB6-F800-4c08-8B7A-83BB121AAD01}</UniqueIdentifier>
      <Extensions>rc;ico;cur;bmp;dlg;rc2;rct;bin;rgs;gif;jpg;jpeg;jpe;resx;tiff;tif;png;wav;mfcribbon-ms</Extensions>
    </Filter>
    <Filter Include="Header Files\Line">
      <UniqueIdentifier>{dcb1ab26-b0ea-4fb8-b7e9-f0a5f55c21d9}</UniqueIdentifier>
    </Filter>
    <Filter Include="Header Files\Circle">
      <UniqueIdentifier>{5cef1254-0d3b-4eba-9c37-84cc331c9931}</UniqueIdentifier>
    </Filter>
    <Filter Include="Source Files\Line">
      <UniqueIdentifier>{e34c50d8-2928-407f-b51d-c576706c8889}</UniqueIdentifier>
    </Filter>
    <Filter Include="Source Files\Circle">
      <UniqueIdentifier>{8de5e800-70ac-40cf-93ac-1cd439d52f7b}</UniqueIdentifier>
    </Filter>
  </ItemGroup>
  <ItemGroup>
    <Text Include="ReadMe.txt" />
  </ItemGroup>
  <ItemGroup>
    <ClInclude Include="stdafx.h">
      <Filter>Header Files</Filter>
    </ClInclude>
    <ClInclude Include="targetver.h">
      <Filter>Header Files</Filter>
    </ClInclude>
    <ClInclude Include="Resource.h">
      <Filter>Header Files</Filter>
    </ClInclude>
    <ClInclude Include="Graphtona.h">
      <Filter>Header Files</Filter>
    </ClInclude>
    <ClInclude Include="Header Files\Algorithm.h">
      <Filter>Header Files</Filter>
    </ClInclude>
    <ClInclude Include="Header Files\Circle\BasicPolarCircleDrawer.h">
      <Filter>Header Files</Filter>
    </ClInclude>
    <ClInclude Include="Header Files\Circle\BresenhamCircleDrawer.h">
      <Filter>Header Files</Filter>
    </ClInclude>
    <ClInclude Include="Header Files\Line\BresenhamLineDrawer.h">
      <Filter>Header Files</Filter>
    </ClInclude>
    <ClInclude Include="Header Files\Circle\CartesianCircleDrawer.h">
      <Filter>Header Files</Filter>
    </ClInclude>
    <ClInclude Include="Header Files\Circle\CircleDrawer.h">
      <Filter>Header Files</Filter>
    </ClInclude>
    <ClInclude Include="Header Files\Line\DDALineDrawer.h">
      <Filter>Header Files</Filter>
    </ClInclude>
    <ClInclude Include="Header Files\Ellipse\EllipseDrawer.h">
      <Filter>Header Files</Filter>
    </ClInclude>
    <ClInclude Include="Header Files\Line\ParametricLineDrawer.h">
      <Filter>Header Files</Filter>
    </ClInclude>
    <ClInclude Include="Header Files\Line\LineDrawer.h">
      <Filter>Header Files</Filter>
    </ClInclude>
    <ClInclude Include="Header Files\Circle\ImprovedPolarCircleDrawer.h">
      <Filter>Header Files</Filter>
    </ClInclude>
  </ItemGroup>
  <ItemGroup>
    <ClCompile Include="stdafx.cpp">
      <Filter>Source Files</Filter>
    </ClCompile>
    <ClCompile Include="Graphtona.cpp">
      <Filter>Source Files</Filter>
    </ClCompile>
    <ClCompile Include="Source Files\Algorithm.cpp">
      <Filter>Source Files</Filter>
    </ClCompile>
    <ClCompile Include="Source Files\Circle\BasicPolarCircleDrawer.cpp">
      <Filter>Source Files\Circle</Filter>
    </ClCompile>
    <ClCompile Include="Source Files\Circle\BresenhamCircleDrawer.cpp">
      <Filter>Source Files\Circle</Filter>
    </ClCompile>
    <ClCompile Include="Source Files\Circle\CartesianCircleDrawer.cpp">
      <Filter>Source Files\Circle</Filter>
    </ClCompile>
    <ClCompile Include="Source Files\Circle\ImprovedPolarCircleDrawer.cpp">
      <Filter>Source Files\Circle</Filter>
    </ClCompile>
    <ClCompile Include="Source Files\Line\BresenhamLineDrawer.cpp">
      <Filter>Source Files\Line</Filter>
    </ClCompile>
    <ClCompile Include="Source Files\Line\DDALineDrawer.cpp">
      <Filter>Source Files\Line</Filter>
    </ClCompile>
    <ClCompile Include="Source Files\Line\ParametricLineDrawer.cpp">
      <Filter>Source Files\Line</Filter>
    </ClCompile>
    <ClCompile Include="Source Files\Ellipse\EllipseDrawer.cpp">
      <Filter>Source Files</Filter>
    </ClCompile>
  </ItemGroup>
  <ItemGroup>
    <ResourceCompile Include="Graphtona.rc">
      <Filter>Resource Files</Filter>
    </ResourceCompile>
  </ItemGroup>
  <ItemGroup>
    <Image Include="small.ico">
      <Filter>Resource Files</Filter>
    </Image>
    <Image Include="Graphtona.ico">
      <Filter>Resource Files</Filter>
    </Image>
  </ItemGroup>
</Project>